
Microsoft Visual Studio Solution File, Format Version 12.00
# Visual Studio Version 16
VisualStudioVersion = 16.0.31613.86
MinimumVisualStudioVersion = 10.0.40219.1
Project("{FAE04EC0-301F-11D3-BF4B-00C04F79EFBC}") = "AppMVC01", "AppMVC01.csproj", "{A0001B87-B8A8-484D-BAFB-92F692CAE293}"
EndProject
Global
	GlobalSection(SolutionConfigurationPlatforms) = preSolution
		Debug|Any CPU = Debug|Any CPU
		Release|Any CPU = Release|Any CPU
	EndGlobalSection
	GlobalSection(ProjectConfigurationPlatforms) = postSolution
		{A0001B87-B8A8-484D-BAFB-92F692CAE293}.Debug|Any CPU.ActiveCfg = Debug|Any CPU
		{A0001B87-B8A8-484D-BAFB-92F692CAE293}.Debug|Any CPU.Build.0 = Debug|Any CPU
		{A0001B87-B8A8-484D-BAFB-92F692CAE293}.Release|Any CPU.ActiveCfg = Release|Any CPU
		{A0001B87-B8A8-484D-BAFB-92F692CAE293}.Release|Any CPU.Build.0 = Release|Any CPU
	EndGlobalSection
	GlobalSection(SolutionProperties) = preSolution
		HideSolutionNode = FALSE
	EndGlobalSection
	GlobalSection(ExtensibilityGlobals) = postSolution
		SolutionGuid = {ADEEB541-756C-485A-AFB6-3C747C1D451F}
	EndGlobalSection
EndGlobal
